
Microsoft Visual Studio Solution File, Format Version 12.00
# Visual Studio Version 17
VisualStudioVersion = 17.5.33516.290
MinimumVisualStudioVersion = 10.0.40219.1
Project("{FAE04EC0-301F-11D3-BF4B-00C04F79EFBC}") = "Project Bata", "Project Bata.csproj", "{A3F46FE0-0609-4AA5-8C0E-1664721F87C0}"
EndProject
Global
	GlobalSection(SolutionConfigurationPlatforms) = preSolution
		Debug|Any CPU = Debug|Any CPU
		Release|Any CPU = Release|Any CPU
	EndGlobalSection
	GlobalSection(ProjectConfigurationPlatforms) = postSolution
		{A3F46FE0-0609-4AA5-8C0E-1664721F87C0}.Debug|Any CPU.ActiveCfg = Debug|Any CPU
		{A3F46FE0-0609-4AA5-8C0E-1664721F87C0}.Debug|Any CPU.Build.0 = Debug|Any CPU
		{A3F46FE0-0609-4AA5-8C0E-1664721F87C0}.Release|Any CPU.ActiveCfg = Release|Any CPU
		{A3F46FE0-0609-4AA5-8C0E-1664721F87C0}.Release|Any CPU.Build.0 = Release|Any CPU
	EndGlobalSection
	GlobalSection(SolutionProperties) = preSolution
		HideSolutionNode = FALSE
	EndGlobalSection
	GlobalSection(ExtensibilityGlobals) = postSolution
		SolutionGuid = {DD83E912-DD92-4979-933D-2600695C32E6}
	EndGlobalSection
EndGlobal
